
Microsoft Visual Studio Solution File, Format Version 12.00
# Visual Studio 15
VisualStudioVersion = 15.0.28307.168
MinimumVisualStudioVersion = 10.0.40219.1
Project("{2150E333-8FDC-42A3-9474-1A3956D46DE8}") = "src", "src", "{FB581E22-FE11-4F40-86DF-BAB5F447C0C9}"
EndProject
Project("{9A19103F-16F7-4668-BE54-9A1E7A4F7556}") = "SvishtovHighSchool.Domain", "src\SvishtovHighSchool.Domain\SvishtovHighSchool.Domain.csproj", "{AAAD124E-3046-49A3-9E4E-3C5814A5DF93}"
EndProject
Project("{9A19103F-16F7-4668-BE54-9A1E7A4F7556}") = "SvishtovHighSchool.Application", "src\SvishtovHighSchool.Application\SvishtovHighSchool.Application.csproj", "{645F5C61-C2A3-4882-9B77-6D70AFD71F2E}"
EndProject
Project("{2150E333-8FDC-42A3-9474-1A3956D46DE8}") = "Clients", "Clients", "{266A15B9-B8B2-4461-906A-E8E90841E6FE}"
EndProject
Project("{FAE04EC0-301F-11D3-BF4B-00C04F79EFBC}") = "SvishtovHighSchool.Console", "src\Clients\SvishtovHighSchool.Console\SvishtovHighSchool.Console.csproj", "{8D1CB8D6-E60E-4958-885E-FF631ABC3A79}"
EndProject
Project("{9A19103F-16F7-4668-BE54-9A1E7A4F7556}") = "SvishtovHighSchool.EventStore", "src\SvishtovHighSchool.EventStore\SvishtovHighSchool.EventStore.csproj", "{F976574D-99A5-4715-89FA-39EB98ABD157}"
EndProject
Project("{9A19103F-16F7-4668-BE54-9A1E7A4F7556}") = "SvishtovHighSchool.ReadModel", "src\SvishtovHighSchool.ReadModel\SvishtovHighSchool.ReadModel.csproj", "{27229F52-41E9-4943-81CA-003B0DE0497E}"
EndProject
Project("{9A19103F-16F7-4668-BE54-9A1E7A4F7556}") = "SvishtovHighSchool.Infrastructure", "src\SvishtovHighSchool.Infrastructure\SvishtovHighSchool.Infrastructure.csproj", "{C967FA9B-0432-41B3-BCC2-D53F9F97DE02}"
EndProject
Project("{2150E333-8FDC-42A3-9474-1A3956D46DE8}") = "nuget", "nuget", "{2D991BB8-747E-4288-9D66-5FF809545BB4}"
EndProject
Project("{2150E333-8FDC-42A3-9474-1A3956D46DE8}") = "csharp", "csharp", "{F85039F0-7ECE-460C-8BE6-34E0944C4D38}"
EndProject
Project("{2150E333-8FDC-42A3-9474-1A3956D46DE8}") = "src", "src", "{13793996-47ED-4548-914A-799BD8CD7EA3}"
EndProject
Project("{9A19103F-16F7-4668-BE54-9A1E7A4F7556}") = "Ankk.Model", "nuget\csharp\src\Ankk.Model\Ankk.Model.csproj", "{7BBFFB18-1D5B-4ADC-929B-DF82B03A3A4A}"
EndProject
Project("{2150E333-8FDC-42A3-9474-1A3956D46DE8}") = "Integration", "Integration", "{12736EB3-E5AA-490A-B006-E0FCC5C52282}"
EndProject
Project("{9A19103F-16F7-4668-BE54-9A1E7A4F7556}") = "SvishtovHighSchool.Integration.Sender", "src\Integration\SvishtovHighSchool.Integration.Sender\SvishtovHighSchool.Integration.Sender.csproj", "{C72D193E-1156-4E93-87FD-497B7AC9D458}"
EndProject
Project("{9A19103F-16F7-4668-BE54-9A1E7A4F7556}") = "SvishtovHighSchool.Integration.Receiver", "src\Integration\SvishtovHighSchool.Integration.Receiver\SvishtovHighSchool.Integration.Receiver.csproj", "{817EA870-D23C-454C-BC90-FE733D704F56}"
EndProject
Project("{9A19103F-16F7-4668-BE54-9A1E7A4F7556}") = "SvishtovHighSchool.Integration.Converters", "src\Integration\SvishtovHighSchool.Integration.Converters\SvishtovHighSchool.Integration.Converters.csproj", "{61B00F72-56E5-4DD3-B622-463AE0DF9C5D}"
EndProject
Project("{FAE04EC0-301F-11D3-BF4B-00C04F79EFBC}") = "SvishtovHighSchool.Web", "src\Clients\SvishtovHighSchool.Web\SvishtovHighSchool.Web.csproj", "{870B99CB-8C2D-4842-BF6D-C9B7C0C8726E}"
EndProject
Global
	GlobalSection(SolutionConfigurationPlatforms) = preSolution
		Debug|Any CPU = Debug|Any CPU
		Release|Any CPU = Release|Any CPU
	EndGlobalSection
	GlobalSection(ProjectConfigurationPlatforms) = postSolution
		{AAAD124E-3046-49A3-9E4E-3C5814A5DF93}.Debug|Any CPU.ActiveCfg = Debug|Any CPU
		{AAAD124E-3046-49A3-9E4E-3C5814A5DF93}.Debug|Any CPU.Build.0 = Debug|Any CPU
		{AAAD124E-3046-49A3-9E4E-3C5814A5DF93}.Release|Any CPU.ActiveCfg = Release|Any CPU
		{AAAD124E-3046-49A3-9E4E-3C5814A5DF93}.Release|Any CPU.Build.0 = Release|Any CPU
		{645F5C61-C2A3-4882-9B77-6D70AFD71F2E}.Debug|Any CPU.ActiveCfg = Debug|Any CPU
		{645F5C61-C2A3-4882-9B77-6D70AFD71F2E}.Debug|Any CPU.Build.0 = Debug|Any CPU
		{645F5C61-C2A3-4882-9B77-6D70AFD71F2E}.Release|Any CPU.ActiveCfg = Release|Any CPU
		{645F5C61-C2A3-4882-9B77-6D70AFD71F2E}.Release|Any CPU.Build.0 = Release|Any CPU
		{8D1CB8D6-E60E-4958-885E-FF631ABC3A79}.Debug|Any CPU.ActiveCfg = Debug|Any CPU
		{8D1CB8D6-E60E-4958-885E-FF631ABC3A79}.Debug|Any CPU.Build.0 = Debug|Any CPU
		{8D1CB8D6-E60E-4958-885E-FF631ABC3A79}.Release|Any CPU.ActiveCfg = Release|Any CPU
		{8D1CB8D6-E60E-4958-885E-FF631ABC3A79}.Release|Any CPU.Build.0 = Release|Any CPU
		{F976574D-99A5-4715-89FA-39EB98ABD157}.Debug|Any CPU.ActiveCfg = Debug|Any CPU
		{F976574D-99A5-4715-89FA-39EB98ABD157}.Debug|Any CPU.Build.0 = Debug|Any CPU
		{F976574D-99A5-4715-89FA-39EB98ABD157}.Release|Any CPU.ActiveCfg = Release|Any CPU
		{F976574D-99A5-4715-89FA-39EB98ABD157}.Release|Any CPU.Build.0 = Release|Any CPU
		{27229F52-41E9-4943-81CA-003B0DE0497E}.Debug|Any CPU.ActiveCfg = Debug|Any CPU
		{27229F52-41E9-4943-81CA-003B0DE0497E}.Debug|Any CPU.Build.0 = Debug|Any CPU
		{27229F52-41E9-4943-81CA-003B0DE0497E}.Release|Any CPU.ActiveCfg = Release|Any CPU
		{27229F52-41E9-4943-81CA-003B0DE0497E}.Release|Any CPU.Build.0 = Release|Any CPU
		{C967FA9B-0432-41B3-BCC2-D53F9F97DE02}.Debug|Any CPU.ActiveCfg = Debug|Any CPU
		{C967FA9B-0432-41B3-BCC2-D53F9F97DE02}.Debug|Any CPU.Build.0 = Debug|Any CPU
		{C967FA9B-0432-41B3-BCC2-D53F9F97DE02}.Release|Any CPU.ActiveCfg = Release|Any CPU
		{C967FA9B-0432-41B3-BCC2-D53F9F97DE02}.Release|Any CPU.Build.0 = Release|Any CPU
		{7BBFFB18-1D5B-4ADC-929B-DF82B03A3A4A}.Debug|Any CPU.ActiveCfg = Debug|Any CPU
		{7BBFFB18-1D5B-4ADC-929B-DF82B03A3A4A}.Debug|Any CPU.Build.0 = Debug|Any CPU
		{7BBFFB18-1D5B-4ADC-929B-DF82B03A3A4A}.Release|Any CPU.ActiveCfg = Release|Any CPU
		{7BBFFB18-1D5B-4ADC-929B-DF82B03A3A4A}.Release|Any CPU.Build.0 = Release|Any CPU
		{C72D193E-1156-4E93-87FD-497B7AC9D458}.Debug|Any CPU.ActiveCfg = Debug|Any CPU
		{C72D193E-1156-4E93-87FD-497B7AC9D458}.Debug|Any CPU.Build.0 = Debug|Any CPU
		{C72D193E-1156-4E93-87FD-497B7AC9D458}.Release|Any CPU.ActiveCfg = Release|Any CPU
		{C72D193E-1156-4E93-87FD-497B7AC9D458}.Release|Any CPU.Build.0 = Release|Any CPU
		{817EA870-D23C-454C-BC90-FE733D704F56}.Debug|Any CPU.ActiveCfg = Debug|Any CPU
		{817EA870-D23C-454C-BC90-FE733D704F56}.Debug|Any CPU.Build.0 = Debug|Any CPU
		{817EA870-D23C-454C-BC90-FE733D704F56}.Release|Any CPU.ActiveCfg = Release|Any CPU
		{817EA870-D23C-454C-BC90-FE733D704F56}.Release|Any CPU.Build.0 = Release|Any CPU
		{61B00F72-56E5-4DD3-B622-463AE0DF9C5D}.Debug|Any CPU.ActiveCfg = Debug|Any CPU
		{61B00F72-56E5-4DD3-B622-463AE0DF9C5D}.Debug|Any CPU.Build.0 = Debug|Any CPU
		{61B00F72-56E5-4DD3-B622-463AE0DF9C5D}.Release|Any CPU.ActiveCfg = Release|Any CPU
		{61B00F72-56E5-4DD3-B622-463AE0DF9C5D}.Release|Any CPU.Build.0 = Release|Any CPU
		{870B99CB-8C2D-4842-BF6D-C9B7C0C8726E}.Debug|Any CPU.ActiveCfg = Debug|Any CPU
		{870B99CB-8C2D-4842-BF6D-C9B7C0C8726E}.Debug|Any CPU.Build.0 = Debug|Any CPU
		{870B99CB-8C2D-4842-BF6D-C9B7C0C8726E}.Release|Any CPU.ActiveCfg = Release|Any CPU
		{870B99CB-8C2D-4842-BF6D-C9B7C0C8726E}.Release|Any CPU.Build.0 = Release|Any CPU
	EndGlobalSection
	GlobalSection(SolutionProperties) = preSolution
		HideSolutionNode = FALSE
	EndGlobalSection
	GlobalSection(NestedProjects) = preSolution
		{AAAD124E-3046-49A3-9E4E-3C5814A5DF93} = {FB581E22-FE11-4F40-86DF-BAB5F447C0C9}
		{645F5C61-C2A3-4882-9B77-6D70AFD71F2E} = {FB581E22-FE11-4F40-86DF-BAB5F447C0C9}
		{266A15B9-B8B2-4461-906A-E8E90841E6FE} = {FB581E22-FE11-4F40-86DF-BAB5F447C0C9}
		{8D1CB8D6-E60E-4958-885E-FF631ABC3A79} = {266A15B9-B8B2-4461-906A-E8E90841E6FE}
		{F976574D-99A5-4715-89FA-39EB98ABD157} = {FB581E22-FE11-4F40-86DF-BAB5F447C0C9}
		{27229F52-41E9-4943-81CA-003B0DE0497E} = {FB581E22-FE11-4F40-86DF-BAB5F447C0C9}
		{C967FA9B-0432-41B3-BCC2-D53F9F97DE02} = {FB581E22-FE11-4F40-86DF-BAB5F447C0C9}
		{F85039F0-7ECE-460C-8BE6-34E0944C4D38} = {2D991BB8-747E-4288-9D66-5FF809545BB4}
		{13793996-47ED-4548-914A-799BD8CD7EA3} = {F85039F0-7ECE-460C-8BE6-34E0944C4D38}
		{7BBFFB18-1D5B-4ADC-929B-DF82B03A3A4A} = {13793996-47ED-4548-914A-799BD8CD7EA3}
		{12736EB3-E5AA-490A-B006-E0FCC5C52282} = {FB581E22-FE11-4F40-86DF-BAB5F447C0C9}
		{C72D193E-1156-4E93-87FD-497B7AC9D458} = {12736EB3-E5AA-490A-B006-E0FCC5C52282}
		{817EA870-D23C-454C-BC90-FE733D704F56} = {12736EB3-E5AA-490A-B006-E0FCC5C52282}
		{61B00F72-56E5-4DD3-B622-463AE0DF9C5D} = {12736EB3-E5AA-490A-B006-E0FCC5C52282}
		{870B99CB-8C2D-4842-BF6D-C9B7C0C8726E} = {266A15B9-B8B2-4461-906A-E8E90841E6FE}
	EndGlobalSection
	GlobalSection(ExtensibilityGlobals) = postSolution
		SolutionGuid = {6EFB9B76-5B05-4AB5-85CF-C908DB7B3E6D}
	EndGlobalSection
EndGlobal
